// !$*UTF8*$!
{
	archiveVersion = 1;
	classes = {
	};
	objectVersion = 56;
	objects = {

/* Begin PBXBuildFile section */
		22A575FB2CD596DB00D9A43E /* driver_frontendApp.swift in Sources */ = {isa = PBXBuildFile; fileRef = 22A575FA2CD596DB00D9A43E /* driver_frontendApp.swift */; };
		22A575FD2CD596DB00D9A43E /* AssignedRidesView.swift in Sources */ = {isa = PBXBuildFile; fileRef = 22A575FC2CD596DB00D9A43E /* AssignedRidesView.swift */; };
		22A575FF2CD596DC00D9A43E /* Assets.xcassets in Resources */ = {isa = PBXBuildFile; fileRef = 22A575FE2CD596DC00D9A43E /* Assets.xcassets */; };
		22A576022CD596DC00D9A43E /* Preview Assets.xcassets in Resources */ = {isa = PBXBuildFile; fileRef = 22A576012CD596DC00D9A43E /* Preview Assets.xcassets */; };
		22A576092CD5982A00D9A43E /* DriverRides.swift in Sources */ = {isa = PBXBuildFile; fileRef = 22A576082CD5982A00D9A43E /* DriverRides.swift */; };
		22A5760B2CD59FF500D9A43E /* RideList.swift in Sources */ = {isa = PBXBuildFile; fileRef = 22A5760A2CD59FF500D9A43E /* RideList.swift */; };
		22A5760D2CD5ACC000D9A43E /* RideStore.swift in Sources */ = {isa = PBXBuildFile; fileRef = 22A5760C2CD5ACC000D9A43E /* RideStore.swift */; };
		22A5760F2CD5BB5300D9A43E /* CurrRidesView.swift in Sources */ = {isa = PBXBuildFile; fileRef = 22A5760E2CD5BB5300D9A43E /* CurrRidesView.swift */; };
		901AC6012CE0073E00FDA176 /* LoginView.swift in Sources */ = {isa = PBXBuildFile; fileRef = 901AC6002CE0073400FDA176 /* LoginView.swift */; };
		901AC6032CE0096A00FDA176 /* AuthManager.swift in Sources */ = {isa = PBXBuildFile; fileRef = 901AC6022CE0096500FDA176 /* AuthManager.swift */; };
		901AC6052CE00D5900FDA176 /* AppState.swift in Sources */ = {isa = PBXBuildFile; fileRef = 901AC6042CE00D5200FDA176 /* AppState.swift */; };
		901AC6082CE0252100FDA176 /* LocationManager.swift in Sources */ = {isa = PBXBuildFile; fileRef = 901AC6072CE0251B00FDA176 /* LocationManager.swift */; };
		9045CEF12CFC504200A58773 /* MenuView.swift in Sources */ = {isa = PBXBuildFile; fileRef = 9045CEF02CFC503C00A58773 /* MenuView.swift */; };
		9045CEF32CFC511A00A58773 /* Templates.swift in Sources */ = {isa = PBXBuildFile; fileRef = 9045CEF22CFC511700A58773 /* Templates.swift */; };
		90EEDB752CFE59D400B91030 /* PickupView.swift in Sources */ = {isa = PBXBuildFile; fileRef = 90EEDB742CFE59CD00B91030 /* PickupView.swift */; };
		927EEB2C2CE147B200E300AC /* SafeTopBar.swift in Sources */ = {isa = PBXBuildFile; fileRef = 927EEB2B2CE147B200E300AC /* SafeTopBar.swift */; };
/* End PBXBuildFile section */

/* Begin PBXFileReference section */
		22A575F72CD596DB00D9A43E /* driver_frontend.app */ = {isa = PBXFileReference; explicitFileType = wrapper.application; includeInIndex = 0; path = driver_frontend.app; sourceTree = BUILT_PRODUCTS_DIR; };
		22A575FA2CD596DB00D9A43E /* driver_frontendApp.swift */ = {isa = PBXFileReference; lastKnownFileType = sourcecode.swift; path = driver_frontendApp.swift; sourceTree = "<group>"; };
		22A575FC2CD596DB00D9A43E /* AssignedRidesView.swift */ = {isa = PBXFileReference; lastKnownFileType = sourcecode.swift; path = AssignedRidesView.swift; sourceTree = "<group>"; };
		22A575FE2CD596DC00D9A43E /* Assets.xcassets */ = {isa = PBXFileReference; lastKnownFileType = folder.assetcatalog; path = Assets.xcassets; sourceTree = "<group>"; };
		22A576012CD596DC00D9A43E /* Preview Assets.xcassets */ = {isa = PBXFileReference; lastKnownFileType = folder.assetcatalog; path = "Preview Assets.xcassets"; sourceTree = "<group>"; };
		22A576082CD5982A00D9A43E /* DriverRides.swift */ = {isa = PBXFileReference; lastKnownFileType = sourcecode.swift; path = DriverRides.swift; sourceTree = "<group>"; };
		22A5760A2CD59FF500D9A43E /* RideList.swift */ = {isa = PBXFileReference; lastKnownFileType = sourcecode.swift; path = RideList.swift; sourceTree = "<group>"; };
		22A5760C2CD5ACC000D9A43E /* RideStore.swift */ = {isa = PBXFileReference; lastKnownFileType = sourcecode.swift; path = RideStore.swift; sourceTree = "<group>"; };
		22A5760E2CD5BB5300D9A43E /* CurrRidesView.swift */ = {isa = PBXFileReference; lastKnownFileType = sourcecode.swift; path = CurrRidesView.swift; sourceTree = "<group>"; };
		901AC6002CE0073400FDA176 /* LoginView.swift */ = {isa = PBXFileReference; lastKnownFileType = sourcecode.swift; path = LoginView.swift; sourceTree = "<group>"; };
		901AC6022CE0096500FDA176 /* AuthManager.swift */ = {isa = PBXFileReference; lastKnownFileType = sourcecode.swift; path = AuthManager.swift; sourceTree = "<group>"; };
		901AC6042CE00D5200FDA176 /* AppState.swift */ = {isa = PBXFileReference; lastKnownFileType = sourcecode.swift; path = AppState.swift; sourceTree = "<group>"; };
		901AC6062CE01DE200FDA176 /* driver-frontend-Info.plist */ = {isa = PBXFileReference; lastKnownFileType = text.plist; path = "driver-frontend-Info.plist"; sourceTree = SOURCE_ROOT; };
		901AC6072CE0251B00FDA176 /* LocationManager.swift */ = {isa = PBXFileReference; lastKnownFileType = sourcecode.swift; path = LocationManager.swift; sourceTree = "<group>"; };
		9045CEF02CFC503C00A58773 /* MenuView.swift */ = {isa = PBXFileReference; lastKnownFileType = sourcecode.swift; path = MenuView.swift; sourceTree = "<group>"; };
		9045CEF22CFC511700A58773 /* Templates.swift */ = {isa = PBXFileReference; lastKnownFileType = sourcecode.swift; path = Templates.swift; sourceTree = "<group>"; };
		90EEDB742CFE59CD00B91030 /* PickupView.swift */ = {isa = PBXFileReference; lastKnownFileType = sourcecode.swift; path = PickupView.swift; sourceTree = "<group>"; };
		927EEB2B2CE147B200E300AC /* SafeTopBar.swift */ = {isa = PBXFileReference; lastKnownFileType = sourcecode.swift; path = SafeTopBar.swift; sourceTree = "<group>"; };
/* End PBXFileReference section */

/* Begin PBXFrameworksBuildPhase section */
		22A575F42CD596DB00D9A43E /* Frameworks */ = {
			isa = PBXFrameworksBuildPhase;
			buildActionMask = 2147483647;
			files = (
			);
			runOnlyForDeploymentPostprocessing = 0;
		};
/* End PBXFrameworksBuildPhase section */

/* Begin PBXGroup section */
		22A575EE2CD596DB00D9A43E = {
			isa = PBXGroup;
			children = (
				22A575F92CD596DB00D9A43E /* driver_frontend */,
				22A575F82CD596DB00D9A43E /* Products */,
			);
			sourceTree = "<group>";
		};
		22A575F82CD596DB00D9A43E /* Products */ = {
			isa = PBXGroup;
			children = (
				22A575F72CD596DB00D9A43E /* driver_frontend.app */,
			);
			name = Products;
			sourceTree = "<group>";
		};
		22A575F92CD596DB00D9A43E /* driver_frontend */ = {
			isa = PBXGroup;
			children = (
				90EEDB742CFE59CD00B91030 /* PickupView.swift */,
				9045CEF22CFC511700A58773 /* Templates.swift */,
				9045CEF02CFC503C00A58773 /* MenuView.swift */,
				927EEB2B2CE147B200E300AC /* SafeTopBar.swift */,
				901AC6072CE0251B00FDA176 /* LocationManager.swift */,
				901AC6062CE01DE200FDA176 /* driver-frontend-Info.plist */,
				901AC6042CE00D5200FDA176 /* AppState.swift */,
				901AC6022CE0096500FDA176 /* AuthManager.swift */,
				901AC6002CE0073400FDA176 /* LoginView.swift */,
				22A575FA2CD596DB00D9A43E /* driver_frontendApp.swift */,
				22A5760A2CD59FF500D9A43E /* RideList.swift */,
				22A5760C2CD5ACC000D9A43E /* RideStore.swift */,
				22A575FC2CD596DB00D9A43E /* AssignedRidesView.swift */,
				22A5760E2CD5BB5300D9A43E /* CurrRidesView.swift */,
				22A575FE2CD596DC00D9A43E /* Assets.xcassets */,
				22A576002CD596DC00D9A43E /* Preview Content */,
				22A576082CD5982A00D9A43E /* DriverRides.swift */,
			);
			path = driver_frontend;
			sourceTree = "<group>";
		};
		22A576002CD596DC00D9A43E /* Preview Content */ = {
			isa = PBXGroup;
			children = (
				22A576012CD596DC00D9A43E /* Preview Assets.xcassets */,
			);
			path = "Preview Content";
			sourceTree = "<group>";
		};
/* End PBXGroup section */

/* Begin PBXNativeTarget section */
		22A575F62CD596DB00D9A43E /* driver_frontend */ = {
			isa = PBXNativeTarget;
			buildConfigurationList = 22A576052CD596DC00D9A43E /* Build configuration list for PBXNativeTarget "driver_frontend" */;
			buildPhases = (
				22A575F32CD596DB00D9A43E /* Sources */,
				22A575F42CD596DB00D9A43E /* Frameworks */,
				22A575F52CD596DB00D9A43E /* Resources */,
			);
			buildRules = (
			);
			dependencies = (
			);
			name = driver_frontend;
			productName = driver_frontend;
			productReference = 22A575F72CD596DB00D9A43E /* driver_frontend.app */;
			productType = "com.apple.product-type.application";
		};
/* End PBXNativeTarget section */

/* Begin PBXProject section */
		22A575EF2CD596DB00D9A43E /* Project object */ = {
			isa = PBXProject;
			attributes = {
				BuildIndependentTargetsInParallel = 1;
				LastSwiftUpdateCheck = 1540;
				LastUpgradeCheck = 1540;
				TargetAttributes = {
					22A575F62CD596DB00D9A43E = {
						CreatedOnToolsVersion = 15.4;
					};
				};
			};
			buildConfigurationList = 22A575F22CD596DB00D9A43E /* Build configuration list for PBXProject "driver_frontend" */;
			compatibilityVersion = "Xcode 14.0";
			developmentRegion = en;
			hasScannedForEncodings = 0;
			knownRegions = (
				en,
				Base,
			);
			mainGroup = 22A575EE2CD596DB00D9A43E;
			productRefGroup = 22A575F82CD596DB00D9A43E /* Products */;
			projectDirPath = "";
			projectRoot = "";
			targets = (
				22A575F62CD596DB00D9A43E /* driver_frontend */,
			);
		};
/* End PBXProject section */

/* Begin PBXResourcesBuildPhase section */
		22A575F52CD596DB00D9A43E /* Resources */ = {
			isa = PBXResourcesBuildPhase;
			buildActionMask = 2147483647;
			files = (
				22A576022CD596DC00D9A43E /* Preview Assets.xcassets in Resources */,
				22A575FF2CD596DC00D9A43E /* Assets.xcassets in Resources */,
			);
			runOnlyForDeploymentPostprocessing = 0;
		};
/* End PBXResourcesBuildPhase section */

/* Begin PBXSourcesBuildPhase section */
		22A575F32CD596DB00D9A43E /* Sources */ = {
			isa = PBXSourcesBuildPhase;
			buildActionMask = 2147483647;
			files = (
				901AC6012CE0073E00FDA176 /* LoginView.swift in Sources */,
				9045CEF12CFC504200A58773 /* MenuView.swift in Sources */,
				22A5760F2CD5BB5300D9A43E /* CurrRidesView.swift in Sources */,
				927EEB2C2CE147B200E300AC /* SafeTopBar.swift in Sources */,
				901AC6082CE0252100FDA176 /* LocationManager.swift in Sources */,
				22A575FD2CD596DB00D9A43E /* AssignedRidesView.swift in Sources */,
				901AC6052CE00D5900FDA176 /* AppState.swift in Sources */,
				22A5760B2CD59FF500D9A43E /* RideList.swift in Sources */,
				90EEDB752CFE59D400B91030 /* PickupView.swift in Sources */,
				901AC6032CE0096A00FDA176 /* AuthManager.swift in Sources */,
				9045CEF32CFC511A00A58773 /* Templates.swift in Sources */,
				22A576092CD5982A00D9A43E /* DriverRides.swift in Sources */,
				22A575FB2CD596DB00D9A43E /* driver_frontendApp.swift in Sources */,
				22A5760D2CD5ACC000D9A43E /* RideStore.swift in Sources */,
			);
			runOnlyForDeploymentPostprocessing = 0;
		};
/* End PBXSourcesBuildPhase section */

/* Begin XCBuildConfiguration section */
		22A576032CD596DC00D9A43E /* Debug */ = {
			isa = XCBuildConfiguration;
			buildSettings = {
				ALWAYS_SEARCH_USER_PATHS = NO;
				ASSETCATALOG_COMPILER_GENERATE_SWIFT_ASSET_SYMBOL_EXTENSIONS = YES;
				CLANG_ANALYZER_NONNULL = YES;
				CLANG_ANALYZER_NUMBER_OBJECT_CONVERSION = YES_AGGRESSIVE;
				CLANG_CXX_LANGUAGE_STANDARD = "gnu++20";
				CLANG_ENABLE_MODULES = YES;
				CLANG_ENABLE_OBJC_ARC = YES;
				CLANG_ENABLE_OBJC_WEAK = YES;
				CLANG_WARN_BLOCK_CAPTURE_AUTORELEASING = YES;
				CLANG_WARN_BOOL_CONVERSION = YES;
				CLANG_WARN_COMMA = YES;
				CLANG_WARN_CONSTANT_CONVERSION = YES;
				CLANG_WARN_DEPRECATED_OBJC_IMPLEMENTATIONS = YES;
				CLANG_WARN_DIRECT_OBJC_ISA_USAGE = YES_ERROR;
				CLANG_WARN_DOCUMENTATION_COMMENTS = YES;
				CLANG_WARN_EMPTY_BODY = YES;
				CLANG_WARN_ENUM_CONVERSION = YES;
				CLANG_WARN_INFINITE_RECURSION = YES;
				CLANG_WARN_INT_CONVERSION = YES;
				CLANG_WARN_NON_LITERAL_NULL_CONVERSION = YES;
				CLANG_WARN_OBJC_IMPLICIT_RETAIN_SELF = YES;
				CLANG_WARN_OBJC_LITERAL_CONVERSION = YES;
				CLANG_WARN_OBJC_ROOT_CLASS = YES_ERROR;
				CLANG_WARN_QUOTED_INCLUDE_IN_FRAMEWORK_HEADER = YES;
				CLANG_WARN_RANGE_LOOP_ANALYSIS = YES;
				CLANG_WARN_STRICT_PROTOTYPES = YES;
				CLANG_WARN_SUSPICIOUS_MOVE = YES;
				CLANG_WARN_UNGUARDED_AVAILABILITY = YES_AGGRESSIVE;
				CLANG_WARN_UNREACHABLE_CODE = YES;
				CLANG_WARN__DUPLICATE_METHOD_MATCH = YES;
				COPY_PHASE_STRIP = NO;
				DEBUG_INFORMATION_FORMAT = dwarf;
				ENABLE_STRICT_OBJC_MSGSEND = YES;
				ENABLE_TESTABILITY = YES;
				ENABLE_USER_SCRIPT_SANDBOXING = YES;
				GCC_C_LANGUAGE_STANDARD = gnu17;
				GCC_DYNAMIC_NO_PIC = NO;
				GCC_NO_COMMON_BLOCKS = YES;
				GCC_OPTIMIZATION_LEVEL = 0;
				GCC_PREPROCESSOR_DEFINITIONS = (
					"DEBUG=1",
					"$(inherited)",
				);
				GCC_WARN_64_TO_32_BIT_CONVERSION = YES;
				GCC_WARN_ABOUT_RETURN_TYPE = YES_ERROR;
				GCC_WARN_UNDECLARED_SELECTOR = YES;
				GCC_WARN_UNINITIALIZED_AUTOS = YES_AGGRESSIVE;
				GCC_WARN_UNUSED_FUNCTION = YES;
				GCC_WARN_UNUSED_VARIABLE = YES;
				IPHONEOS_DEPLOYMENT_TARGET = 17.5;
				LOCALIZATION_PREFERS_STRING_CATALOGS = YES;
				MTL_ENABLE_DEBUG_INFO = INCLUDE_SOURCE;
				MTL_FAST_MATH = YES;
				ONLY_ACTIVE_ARCH = YES;
				SDKROOT = iphoneos;
				SWIFT_ACTIVE_COMPILATION_CONDITIONS = "DEBUG $(inherited)";
				SWIFT_OPTIMIZATION_LEVEL = "-Onone";
			};
			name = Debug;
		};
		22A576042CD596DC00D9A43E /* Release */ = {
			isa = XCBuildConfiguration;
			buildSettings = {
				ALWAYS_SEARCH_USER_PATHS = NO;
				ASSETCATALOG_COMPILER_GENERATE_SWIFT_ASSET_SYMBOL_EXTENSIONS = YES;
				CLANG_ANALYZER_NONNULL = YES;
				CLANG_ANALYZER_NUMBER_OBJECT_CONVERSION = YES_AGGRESSIVE;
				CLANG_CXX_LANGUAGE_STANDARD = "gnu++20";
				CLANG_ENABLE_MODULES = YES;
				CLANG_ENABLE_OBJC_ARC = YES;
				CLANG_ENABLE_OBJC_WEAK = YES;
				CLANG_WARN_BLOCK_CAPTURE_AUTORELEASING = YES;
				CLANG_WARN_BOOL_CONVERSION = YES;
				CLANG_WARN_COMMA = YES;
				CLANG_WARN_CONSTANT_CONVERSION = YES;
				CLANG_WARN_DEPRECATED_OBJC_IMPLEMENTATIONS = YES;
				CLANG_WARN_DIRECT_OBJC_ISA_USAGE = YES_ERROR;
				CLANG_WARN_DOCUMENTATION_COMMENTS = YES;
				CLANG_WARN_EMPTY_BODY = YES;
				CLANG_WARN_ENUM_CONVERSION = YES;
				CLANG_WARN_INFINITE_RECURSION = YES;
				CLANG_WARN_INT_CONVERSION = YES;
				CLANG_WARN_NON_LITERAL_NULL_CONVERSION = YES;
				CLANG_WARN_OBJC_IMPLICIT_RETAIN_SELF = YES;
				CLANG_WARN_OBJC_LITERAL_CONVERSION = YES;
				CLANG_WARN_OBJC_ROOT_CLASS = YES_ERROR;
				CLANG_WARN_QUOTED_INCLUDE_IN_FRAMEWORK_HEADER = YES;
				CLANG_WARN_RANGE_LOOP_ANALYSIS = YES;
				CLANG_WARN_STRICT_PROTOTYPES = YES;
				CLANG_WARN_SUSPICIOUS_MOVE = YES;
				CLANG_WARN_UNGUARDED_AVAILABILITY = YES_AGGRESSIVE;
				CLANG_WARN_UNREACHABLE_CODE = YES;
				CLANG_WARN__DUPLICATE_METHOD_MATCH = YES;
				COPY_PHASE_STRIP = NO;
				DEBUG_INFORMATION_FORMAT = "dwarf-with-dsym";
				ENABLE_NS_ASSERTIONS = NO;
				ENABLE_STRICT_OBJC_MSGSEND = YES;
				ENABLE_USER_SCRIPT_SANDBOXING = YES;
				GCC_C_LANGUAGE_STANDARD = gnu17;
				GCC_NO_COMMON_BLOCKS = YES;
				GCC_WARN_64_TO_32_BIT_CONVERSION = YES;
				GCC_WARN_ABOUT_RETURN_TYPE = YES_ERROR;
				GCC_WARN_UNDECLARED_SELECTOR = YES;
				GCC_WARN_UNINITIALIZED_AUTOS = YES_AGGRESSIVE;
				GCC_WARN_UNUSED_FUNCTION = YES;
				GCC_WARN_UNUSED_VARIABLE = YES;
				IPHONEOS_DEPLOYMENT_TARGET = 17.5;
				LOCALIZATION_PREFERS_STRING_CATALOGS = YES;
				MTL_ENABLE_DEBUG_INFO = NO;
				MTL_FAST_MATH = YES;
				SDKROOT = iphoneos;
				SWIFT_COMPILATION_MODE = wholemodule;
				VALIDATE_PRODUCT = YES;
			};
			name = Release;
		};
		22A576062CD596DC00D9A43E /* Debug */ = {
			isa = XCBuildConfiguration;
			buildSettings = {
				ASSETCATALOG_COMPILER_APPICON_NAME = AppIcon;
				ASSETCATALOG_COMPILER_GLOBAL_ACCENT_COLOR_NAME = AccentColor;
				CODE_SIGN_STYLE = Automatic;
				CURRENT_PROJECT_VERSION = 1;
				DEVELOPMENT_ASSET_PATHS = "\"driver_frontend/Preview Content\"";
				DEVELOPMENT_TEAM = 94QNSA75W5;
				ENABLE_PREVIEWS = YES;
				GENERATE_INFOPLIST_FILE = YES;
				INFOPLIST_FILE = "driver-frontend-Info.plist";
				INFOPLIST_KEY_NSLocationUsageDescription = "allow access to your current location";
				INFOPLIST_KEY_UIApplicationSceneManifest_Generation = YES;
				INFOPLIST_KEY_UIApplicationSupportsIndirectInputEvents = YES;
				INFOPLIST_KEY_UILaunchScreen_Generation = YES;
				INFOPLIST_KEY_UISupportedInterfaceOrientations_iPad = "UIInterfaceOrientationPortrait UIInterfaceOrientationPortraitUpsideDown UIInterfaceOrientationLandscapeLeft UIInterfaceOrientationLandscapeRight";
				INFOPLIST_KEY_UISupportedInterfaceOrientations_iPhone = "UIInterfaceOrientationPortrait UIInterfaceOrientationLandscapeLeft UIInterfaceOrientationLandscapeRight";
				LD_RUNPATH_SEARCH_PATHS = (
					"$(inherited)",
					"@executable_path/Frameworks",
				);
				MARKETING_VERSION = 1.0;
				PRODUCT_BUNDLE_IDENTIFIER = "edu.umich.bvuyyuru.driver-frontend";
				PRODUCT_NAME = "$(TARGET_NAME)";
				SWIFT_EMIT_LOC_STRINGS = YES;
				SWIFT_VERSION = 5.0;
				TARGETED_DEVICE_FAMILY = "1,2";
			};
			name = Debug;
		};
		22A576072CD596DC00D9A43E /* Release */ = {
			isa = XCBuildConfiguration;
			buildSettings = {
				ASSETCATALOG_COMPILER_APPICON_NAME = AppIcon;
				ASSETCATALOG_COMPILER_GLOBAL_ACCENT_COLOR_NAME = AccentColor;
				CODE_SIGN_STYLE = Automatic;
				CURRENT_PROJECT_VERSION = 1;
				DEVELOPMENT_ASSET_PATHS = "\"driver_frontend/Preview Content\"";
				DEVELOPMENT_TEAM = 94QNSA75W5;
				ENABLE_PREVIEWS = YES;
				GENERATE_INFOPLIST_FILE = YES;
				INFOPLIST_FILE = "driver-frontend-Info.plist";
				INFOPLIST_KEY_NSLocationUsageDescription = "allow access to your current location";
				INFOPLIST_KEY_UIApplicationSceneManifest_Generation = YES;
				INFOPLIST_KEY_UIApplicationSupportsIndirectInputEvents = YES;
				INFOPLIST_KEY_UILaunchScreen_Generation = YES;
				INFOPLIST_KEY_UISupportedInterfaceOrientations_iPad = "UIInterfaceOrientationPortrait UIInterfaceOrientationPortraitUpsideDown UIInterfaceOrientationLandscapeLeft UIInterfaceOrientationLandscapeRight";
				INFOPLIST_KEY_UISupportedInterfaceOrientations_iPhone = "UIInterfaceOrientationPortrait UIInterfaceOrientationLandscapeLeft UIInterfaceOrientationLandscapeRight";
				LD_RUNPATH_SEARCH_PATHS = (
					"$(inherited)",
					"@executable_path/Frameworks",
				);
				MARKETING_VERSION = 1.0;
				PRODUCT_BUNDLE_IDENTIFIER = "edu.umich.bvuyyuru.driver-frontend";
				PRODUCT_NAME = "$(TARGET_NAME)";
				SWIFT_EMIT_LOC_STRINGS = YES;
				SWIFT_VERSION = 5.0;
				TARGETED_DEVICE_FAMILY = "1,2";
			};
			name = Release;
		};
/* End XCBuildConfiguration section */

/* Begin XCConfigurationList section */
		22A575F22CD596DB00D9A43E /* Build configuration list for PBXProject "driver_frontend" */ = {
			isa = XCConfigurationList;
			buildConfigurations = (
				22A576032CD596DC00D9A43E /* Debug */,
				22A576042CD596DC00D9A43E /* Release */,
			);
			defaultConfigurationIsVisible = 0;
			defaultConfigurationName = Release;
		};
		22A576052CD596DC00D9A43E /* Build configuration list for PBXNativeTarget "driver_frontend" */ = {
			isa = XCConfigurationList;
			buildConfigurations = (
				22A576062CD596DC00D9A43E /* Debug */,
				22A576072CD596DC00D9A43E /* Release */,
			);
			defaultConfigurationIsVisible = 0;
			defaultConfigurationName = Release;
		};
/* End XCConfigurationList section */
	};
	rootObject = 22A575EF2CD596DB00D9A43E /* Project object */;
}
