// !$*UTF8*$!
{
	archiveVersion = 1;
	classes = {
	};
	objectVersion = 70;
	objects = {

/* Begin PBXBuildFile section */
		22A575FB2CD596DB00D9A43E /* driver_frontendApp.swift in Sources */ = {isa = PBXBuildFile; fileRef = 22A575FA2CD596DB00D9A43E /* driver_frontendApp.swift */; };
		22A575FF2CD596DC00D9A43E /* Assets.xcassets in Resources */ = {isa = PBXBuildFile; fileRef = 22A575FE2CD596DC00D9A43E /* Assets.xcassets */; };
		22A576022CD596DC00D9A43E /* Preview Assets.xcassets in Resources */ = {isa = PBXBuildFile; fileRef = 22A576012CD596DC00D9A43E /* Preview Assets.xcassets */; };
		90101DB12CFF96FB005B3177 /* GoogleMaps in Frameworks */ = {isa = PBXBuildFile; productRef = 90101DB02CFF96FB005B3177 /* GoogleMaps */; };
		9045CEF12CFC504200A58773 /* MenuView.swift in Sources */ = {isa = PBXBuildFile; fileRef = 9045CEF02CFC503C00A58773 /* MenuView.swift */; };
/* End PBXBuildFile section */

/* Begin PBXFileReference section */
		22A575F72CD596DB00D9A43E /* driver_frontend.app */ = {isa = PBXFileReference; explicitFileType = wrapper.application; includeInIndex = 0; path = driver_frontend.app; sourceTree = BUILT_PRODUCTS_DIR; };
		22A575FA2CD596DB00D9A43E /* driver_frontendApp.swift */ = {isa = PBXFileReference; lastKnownFileType = sourcecode.swift; path = driver_frontendApp.swift; sourceTree = "<group>"; };
		22A575FE2CD596DC00D9A43E /* Assets.xcassets */ = {isa = PBXFileReference; lastKnownFileType = folder.assetcatalog; path = Assets.xcassets; sourceTree = "<group>"; };
		22A576012CD596DC00D9A43E /* Preview Assets.xcassets */ = {isa = PBXFileReference; lastKnownFileType = folder.assetcatalog; path = "Preview Assets.xcassets"; sourceTree = "<group>"; };
		90101DA92CFF92A5005B3177 /* Secrets.xcconfig */ = {isa = PBXFileReference; lastKnownFileType = text.xcconfig; path = Secrets.xcconfig; sourceTree = "<group>"; };
		901AC6062CE01DE200FDA176 /* driver-frontend-Info.plist */ = {isa = PBXFileReference; lastKnownFileType = text.plist; path = "driver-frontend-Info.plist"; sourceTree = SOURCE_ROOT; };
		9045CEF02CFC503C00A58773 /* MenuView.swift */ = {isa = PBXFileReference; lastKnownFileType = sourcecode.swift; path = MenuView.swift; sourceTree = "<group>"; };
/* End PBXFileReference section */

/* Begin PBXFileSystemSynchronizedRootGroup section */
		90101E022CFFB4F8005B3177 /* Login */ = {isa = PBXFileSystemSynchronizedRootGroup; explicitFileTypes = {}; explicitFolders = (); path = Login; sourceTree = "<group>"; };
		90101E032CFFB50C005B3177 /* Assigned Rides */ = {isa = PBXFileSystemSynchronizedRootGroup; explicitFileTypes = {}; explicitFolders = (); path = "Assigned Rides"; sourceTree = "<group>"; };
		90101E042CFFB59A005B3177 /* Ride History */ = {isa = PBXFileSystemSynchronizedRootGroup; explicitFileTypes = {}; explicitFolders = (); path = "Ride History"; sourceTree = "<group>"; };
		90101E052CFFB5BA005B3177 /* utils */ = {isa = PBXFileSystemSynchronizedRootGroup; explicitFileTypes = {}; explicitFolders = (); path = utils; sourceTree = "<group>"; };
/* End PBXFileSystemSynchronizedRootGroup section */

/* Begin PBXFrameworksBuildPhase section */
		22A575F42CD596DB00D9A43E /* Frameworks */ = {
			isa = PBXFrameworksBuildPhase;
			buildActionMask = 2147483647;
			files = (
				90101DB12CFF96FB005B3177 /* GoogleMaps in Frameworks */,
			);
			runOnlyForDeploymentPostprocessing = 0;
		};
/* End PBXFrameworksBuildPhase section */

/* Begin PBXGroup section */
		22A575EE2CD596DB00D9A43E = {
			isa = PBXGroup;
			children = (
				22A575F92CD596DB00D9A43E /* driver_frontend */,
				22A575F82CD596DB00D9A43E /* Products */,
			);
			sourceTree = "<group>";
		};
		22A575F82CD596DB00D9A43E /* Products */ = {
			isa = PBXGroup;
			children = (
				22A575F72CD596DB00D9A43E /* driver_frontend.app */,
			);
			name = Products;
			sourceTree = "<group>";
		};
		22A575F92CD596DB00D9A43E /* driver_frontend */ = {
			isa = PBXGroup;
			children = (
				90101E052CFFB5BA005B3177 /* utils */,
				90101E042CFFB59A005B3177 /* Ride History */,
				90101E032CFFB50C005B3177 /* Assigned Rides */,
				90101E022CFFB4F8005B3177 /* Login */,
				9045CEF02CFC503C00A58773 /* MenuView.swift */,
				901AC6062CE01DE200FDA176 /* driver-frontend-Info.plist */,
				22A575FA2CD596DB00D9A43E /* driver_frontendApp.swift */,
				22A575FE2CD596DC00D9A43E /* Assets.xcassets */,
				22A576002CD596DC00D9A43E /* Preview Content */,
			);
			path = driver_frontend;
			sourceTree = "<group>";
		};
		22A576002CD596DC00D9A43E /* Preview Content */ = {
			isa = PBXGroup;
			children = (
				22A576012CD596DC00D9A43E /* Preview Assets.xcassets */,
			);
			path = "Preview Content";
			sourceTree = "<group>";
		};
/* End PBXGroup section */

/* Begin PBXNativeTarget section */
		22A575F62CD596DB00D9A43E /* driver_frontend */ = {
			isa = PBXNativeTarget;
			buildConfigurationList = 22A576052CD596DC00D9A43E /* Build configuration list for PBXNativeTarget "driver_frontend" */;
			buildPhases = (
				22A575F32CD596DB00D9A43E /* Sources */,
				22A575F42CD596DB00D9A43E /* Frameworks */,
				22A575F52CD596DB00D9A43E /* Resources */,
			);
			buildRules = (
			);
			dependencies = (
			);
			fileSystemSynchronizedGroups = (
				90101E022CFFB4F8005B3177 /* Login */,
				90101E032CFFB50C005B3177 /* Assigned Rides */,
				90101E042CFFB59A005B3177 /* Ride History */,
				90101E052CFFB5BA005B3177 /* utils */,
			);
			name = driver_frontend;
			productName = driver_frontend;
			productReference = 22A575F72CD596DB00D9A43E /* driver_frontend.app */;
			productType = "com.apple.product-type.application";
		};
/* End PBXNativeTarget section */

/* Begin PBXProject section */
		22A575EF2CD596DB00D9A43E /* Project object */ = {
			isa = PBXProject;
			attributes = {
				BuildIndependentTargetsInParallel = 1;
				LastSwiftUpdateCheck = 1540;
				LastUpgradeCheck = 1540;
				TargetAttributes = {
					22A575F62CD596DB00D9A43E = {
						CreatedOnToolsVersion = 15.4;
					};
				};
			};
			buildConfigurationList = 22A575F22CD596DB00D9A43E /* Build configuration list for PBXProject "driver_frontend" */;
			compatibilityVersion = "Xcode 14.0";
			developmentRegion = en;
			hasScannedForEncodings = 0;
			knownRegions = (
				en,
				Base,
			);
			mainGroup = 22A575EE2CD596DB00D9A43E;
			packageReferences = (
				90101DAF2CFF96FB005B3177 /* XCRemoteSwiftPackageReference "ios-maps-sdk" */,
			);
			productRefGroup = 22A575F82CD596DB00D9A43E /* Products */;
			projectDirPath = "";
			projectRoot = "";
			targets = (
				22A575F62CD596DB00D9A43E /* driver_frontend */,
			);
		};
/* End PBXProject section */

/* Begin PBXResourcesBuildPhase section */
		22A575F52CD596DB00D9A43E /* Resources */ = {
			isa = PBXResourcesBuildPhase;
			buildActionMask = 2147483647;
			files = (
				22A576022CD596DC00D9A43E /* Preview Assets.xcassets in Resources */,
				22A575FF2CD596DC00D9A43E /* Assets.xcassets in Resources */,
			);
			runOnlyForDeploymentPostprocessing = 0;
		};
/* End PBXResourcesBuildPhase section */

/* Begin PBXSourcesBuildPhase section */
		22A575F32CD596DB00D9A43E /* Sources */ = {
			isa = PBXSourcesBuildPhase;
			buildActionMask = 2147483647;
			files = (
				9045CEF12CFC504200A58773 /* MenuView.swift in Sources */,
				22A575FB2CD596DB00D9A43E /* driver_frontendApp.swift in Sources */,
			);
			runOnlyForDeploymentPostprocessing = 0;
		};
/* End PBXSourcesBuildPhase section */

/* Begin XCBuildConfiguration section */
		22A576032CD596DC00D9A43E /* Debug */ = {
			isa = XCBuildConfiguration;
			baseConfigurationReference = 90101DA92CFF92A5005B3177 /* Secrets.xcconfig */;
			buildSettings = {
				ALWAYS_SEARCH_USER_PATHS = NO;
				ASSETCATALOG_COMPILER_GENERATE_SWIFT_ASSET_SYMBOL_EXTENSIONS = YES;
				CLANG_ANALYZER_NONNULL = YES;
				CLANG_ANALYZER_NUMBER_OBJECT_CONVERSION = YES_AGGRESSIVE;
				CLANG_CXX_LANGUAGE_STANDARD = "gnu++20";
				CLANG_ENABLE_MODULES = YES;
				CLANG_ENABLE_OBJC_ARC = YES;
				CLANG_ENABLE_OBJC_WEAK = YES;
				CLANG_WARN_BLOCK_CAPTURE_AUTORELEASING = YES;
				CLANG_WARN_BOOL_CONVERSION = YES;
				CLANG_WARN_COMMA = YES;
				CLANG_WARN_CONSTANT_CONVERSION = YES;
				CLANG_WARN_DEPRECATED_OBJC_IMPLEMENTATIONS = YES;
				CLANG_WARN_DIRECT_OBJC_ISA_USAGE = YES_ERROR;
				CLANG_WARN_DOCUMENTATION_COMMENTS = YES;
				CLANG_WARN_EMPTY_BODY = YES;
				CLANG_WARN_ENUM_CONVERSION = YES;
				CLANG_WARN_INFINITE_RECURSION = YES;
				CLANG_WARN_INT_CONVERSION = YES;
				CLANG_WARN_NON_LITERAL_NULL_CONVERSION = YES;
				CLANG_WARN_OBJC_IMPLICIT_RETAIN_SELF = YES;
				CLANG_WARN_OBJC_LITERAL_CONVERSION = YES;
				CLANG_WARN_OBJC_ROOT_CLASS = YES_ERROR;
				CLANG_WARN_QUOTED_INCLUDE_IN_FRAMEWORK_HEADER = YES;
				CLANG_WARN_RANGE_LOOP_ANALYSIS = YES;
				CLANG_WARN_STRICT_PROTOTYPES = YES;
				CLANG_WARN_SUSPICIOUS_MOVE = YES;
				CLANG_WARN_UNGUARDED_AVAILABILITY = YES_AGGRESSIVE;
				CLANG_WARN_UNREACHABLE_CODE = YES;
				CLANG_WARN__DUPLICATE_METHOD_MATCH = YES;
				COPY_PHASE_STRIP = NO;
				DEBUG_INFORMATION_FORMAT = dwarf;
				ENABLE_STRICT_OBJC_MSGSEND = YES;
				ENABLE_TESTABILITY = YES;
				ENABLE_USER_SCRIPT_SANDBOXING = YES;
				GCC_C_LANGUAGE_STANDARD = gnu17;
				GCC_DYNAMIC_NO_PIC = NO;
				GCC_NO_COMMON_BLOCKS = YES;
				GCC_OPTIMIZATION_LEVEL = 0;
				GCC_PREPROCESSOR_DEFINITIONS = (
					"DEBUG=1",
					"$(inherited)",
				);
				GCC_WARN_64_TO_32_BIT_CONVERSION = YES;
				GCC_WARN_ABOUT_RETURN_TYPE = YES_ERROR;
				GCC_WARN_UNDECLARED_SELECTOR = YES;
				GCC_WARN_UNINITIALIZED_AUTOS = YES_AGGRESSIVE;
				GCC_WARN_UNUSED_FUNCTION = YES;
				GCC_WARN_UNUSED_VARIABLE = YES;
				IPHONEOS_DEPLOYMENT_TARGET = 17.5;
				LOCALIZATION_PREFERS_STRING_CATALOGS = YES;
				MTL_ENABLE_DEBUG_INFO = INCLUDE_SOURCE;
				MTL_FAST_MATH = YES;
				ONLY_ACTIVE_ARCH = YES;
				SDKROOT = iphoneos;
				SWIFT_ACTIVE_COMPILATION_CONDITIONS = "DEBUG $(inherited)";
				SWIFT_OPTIMIZATION_LEVEL = "-Onone";
			};
			name = Debug;
		};
		22A576042CD596DC00D9A43E /* Release */ = {
			isa = XCBuildConfiguration;
			baseConfigurationReference = 90101DA92CFF92A5005B3177 /* Secrets.xcconfig */;
			buildSettings = {
				ALWAYS_SEARCH_USER_PATHS = NO;
				ASSETCATALOG_COMPILER_GENERATE_SWIFT_ASSET_SYMBOL_EXTENSIONS = YES;
				CLANG_ANALYZER_NONNULL = YES;
				CLANG_ANALYZER_NUMBER_OBJECT_CONVERSION = YES_AGGRESSIVE;
				CLANG_CXX_LANGUAGE_STANDARD = "gnu++20";
				CLANG_ENABLE_MODULES = YES;
				CLANG_ENABLE_OBJC_ARC = YES;
				CLANG_ENABLE_OBJC_WEAK = YES;
				CLANG_WARN_BLOCK_CAPTURE_AUTORELEASING = YES;
				CLANG_WARN_BOOL_CONVERSION = YES;
				CLANG_WARN_COMMA = YES;
				CLANG_WARN_CONSTANT_CONVERSION = YES;
				CLANG_WARN_DEPRECATED_OBJC_IMPLEMENTATIONS = YES;
				CLANG_WARN_DIRECT_OBJC_ISA_USAGE = YES_ERROR;
				CLANG_WARN_DOCUMENTATION_COMMENTS = YES;
				CLANG_WARN_EMPTY_BODY = YES;
				CLANG_WARN_ENUM_CONVERSION = YES;
				CLANG_WARN_INFINITE_RECURSION = YES;
				CLANG_WARN_INT_CONVERSION = YES;
				CLANG_WARN_NON_LITERAL_NULL_CONVERSION = YES;
				CLANG_WARN_OBJC_IMPLICIT_RETAIN_SELF = YES;
				CLANG_WARN_OBJC_LITERAL_CONVERSION = YES;
				CLANG_WARN_OBJC_ROOT_CLASS = YES_ERROR;
				CLANG_WARN_QUOTED_INCLUDE_IN_FRAMEWORK_HEADER = YES;
				CLANG_WARN_RANGE_LOOP_ANALYSIS = YES;
				CLANG_WARN_STRICT_PROTOTYPES = YES;
				CLANG_WARN_SUSPICIOUS_MOVE = YES;
				CLANG_WARN_UNGUARDED_AVAILABILITY = YES_AGGRESSIVE;
				CLANG_WARN_UNREACHABLE_CODE = YES;
				CLANG_WARN__DUPLICATE_METHOD_MATCH = YES;
				COPY_PHASE_STRIP = NO;
				DEBUG_INFORMATION_FORMAT = "dwarf-with-dsym";
				ENABLE_NS_ASSERTIONS = NO;
				ENABLE_STRICT_OBJC_MSGSEND = YES;
				ENABLE_USER_SCRIPT_SANDBOXING = YES;
				GCC_C_LANGUAGE_STANDARD = gnu17;
				GCC_NO_COMMON_BLOCKS = YES;
				GCC_WARN_64_TO_32_BIT_CONVERSION = YES;
				GCC_WARN_ABOUT_RETURN_TYPE = YES_ERROR;
				GCC_WARN_UNDECLARED_SELECTOR = YES;
				GCC_WARN_UNINITIALIZED_AUTOS = YES_AGGRESSIVE;
				GCC_WARN_UNUSED_FUNCTION = YES;
				GCC_WARN_UNUSED_VARIABLE = YES;
				IPHONEOS_DEPLOYMENT_TARGET = 17.5;
				LOCALIZATION_PREFERS_STRING_CATALOGS = YES;
				MTL_ENABLE_DEBUG_INFO = NO;
				MTL_FAST_MATH = YES;
				SDKROOT = iphoneos;
				SWIFT_COMPILATION_MODE = wholemodule;
				VALIDATE_PRODUCT = YES;
			};
			name = Release;
		};
		22A576062CD596DC00D9A43E /* Debug */ = {
			isa = XCBuildConfiguration;
			baseConfigurationReference = 90101DA92CFF92A5005B3177 /* Secrets.xcconfig */;
			buildSettings = {
				ASSETCATALOG_COMPILER_APPICON_NAME = AppIcon;
				ASSETCATALOG_COMPILER_GLOBAL_ACCENT_COLOR_NAME = AccentColor;
				CODE_SIGN_STYLE = Automatic;
				CURRENT_PROJECT_VERSION = 1;
				DEVELOPMENT_ASSET_PATHS = "\"driver_frontend/Preview Content\"";
				DEVELOPMENT_TEAM = 94QNSA75W5;
				ENABLE_PREVIEWS = YES;
				GENERATE_INFOPLIST_FILE = YES;
				INFOPLIST_FILE = "driver-frontend-Info.plist";
				INFOPLIST_KEY_NSLocationAlwaysAndWhenInUseUsageDescription = Location;
				INFOPLIST_KEY_NSLocationUsageDescription = "allow access to your current location";
				INFOPLIST_KEY_NSLocationWhenInUseUsageDescription = Location;
				INFOPLIST_KEY_UIApplicationSceneManifest_Generation = YES;
				INFOPLIST_KEY_UIApplicationSupportsIndirectInputEvents = YES;
				INFOPLIST_KEY_UILaunchScreen_Generation = YES;
				INFOPLIST_KEY_UISupportedInterfaceOrientations_iPad = "UIInterfaceOrientationPortrait UIInterfaceOrientationPortraitUpsideDown UIInterfaceOrientationLandscapeLeft UIInterfaceOrientationLandscapeRight";
				INFOPLIST_KEY_UISupportedInterfaceOrientations_iPhone = "UIInterfaceOrientationPortrait UIInterfaceOrientationLandscapeLeft UIInterfaceOrientationLandscapeRight";
				LD_RUNPATH_SEARCH_PATHS = (
					"$(inherited)",
					"@executable_path/Frameworks",
				);
				MARKETING_VERSION = 1.0;
				PRODUCT_BUNDLE_IDENTIFIER = "edu.umich.bvuyyuru.driver-frontend";
				PRODUCT_NAME = "$(TARGET_NAME)";
				SWIFT_EMIT_LOC_STRINGS = YES;
				SWIFT_VERSION = 5.0;
				TARGETED_DEVICE_FAMILY = "1,2";
			};
			name = Debug;
		};
		22A576072CD596DC00D9A43E /* Release */ = {
			isa = XCBuildConfiguration;
			baseConfigurationReference = 90101DA92CFF92A5005B3177 /* Secrets.xcconfig */;
			buildSettings = {
				ASSETCATALOG_COMPILER_APPICON_NAME = AppIcon;
				ASSETCATALOG_COMPILER_GLOBAL_ACCENT_COLOR_NAME = AccentColor;
				CODE_SIGN_STYLE = Automatic;
				CURRENT_PROJECT_VERSION = 1;
				DEVELOPMENT_ASSET_PATHS = "\"driver_frontend/Preview Content\"";
				DEVELOPMENT_TEAM = 94QNSA75W5;
				ENABLE_PREVIEWS = YES;
				GENERATE_INFOPLIST_FILE = YES;
				INFOPLIST_FILE = "driver-frontend-Info.plist";
				INFOPLIST_KEY_NSLocationAlwaysAndWhenInUseUsageDescription = Location;
				INFOPLIST_KEY_NSLocationUsageDescription = "allow access to your current location";
				INFOPLIST_KEY_NSLocationWhenInUseUsageDescription = Location;
				INFOPLIST_KEY_UIApplicationSceneManifest_Generation = YES;
				INFOPLIST_KEY_UIApplicationSupportsIndirectInputEvents = YES;
				INFOPLIST_KEY_UILaunchScreen_Generation = YES;
				INFOPLIST_KEY_UISupportedInterfaceOrientations_iPad = "UIInterfaceOrientationPortrait UIInterfaceOrientationPortraitUpsideDown UIInterfaceOrientationLandscapeLeft UIInterfaceOrientationLandscapeRight";
				INFOPLIST_KEY_UISupportedInterfaceOrientations_iPhone = "UIInterfaceOrientationPortrait UIInterfaceOrientationLandscapeLeft UIInterfaceOrientationLandscapeRight";
				LD_RUNPATH_SEARCH_PATHS = (
					"$(inherited)",
					"@executable_path/Frameworks",
				);
				MARKETING_VERSION = 1.0;
				PRODUCT_BUNDLE_IDENTIFIER = "edu.umich.bvuyyuru.driver-frontend";
				PRODUCT_NAME = "$(TARGET_NAME)";
				SWIFT_EMIT_LOC_STRINGS = YES;
				SWIFT_VERSION = 5.0;
				TARGETED_DEVICE_FAMILY = "1,2";
			};
			name = Release;
		};
/* End XCBuildConfiguration section */

/* Begin XCConfigurationList section */
		22A575F22CD596DB00D9A43E /* Build configuration list for PBXProject "driver_frontend" */ = {
			isa = XCConfigurationList;
			buildConfigurations = (
				22A576032CD596DC00D9A43E /* Debug */,
				22A576042CD596DC00D9A43E /* Release */,
			);
			defaultConfigurationIsVisible = 0;
			defaultConfigurationName = Release;
		};
		22A576052CD596DC00D9A43E /* Build configuration list for PBXNativeTarget "driver_frontend" */ = {
			isa = XCConfigurationList;
			buildConfigurations = (
				22A576062CD596DC00D9A43E /* Debug */,
				22A576072CD596DC00D9A43E /* Release */,
			);
			defaultConfigurationIsVisible = 0;
			defaultConfigurationName = Release;
		};
/* End XCConfigurationList section */

/* Begin XCRemoteSwiftPackageReference section */
		90101DAF2CFF96FB005B3177 /* XCRemoteSwiftPackageReference "ios-maps-sdk" */ = {
			isa = XCRemoteSwiftPackageReference;
			repositoryURL = "https://github.com/googlemaps/ios-maps-sdk";
			requirement = {
				kind = upToNextMajorVersion;
				minimumVersion = 9.2.0;
			};
		};
/* End XCRemoteSwiftPackageReference section */

/* Begin XCSwiftPackageProductDependency section */
		90101DB02CFF96FB005B3177 /* GoogleMaps */ = {
			isa = XCSwiftPackageProductDependency;
			package = 90101DAF2CFF96FB005B3177 /* XCRemoteSwiftPackageReference "ios-maps-sdk" */;
			productName = GoogleMaps;
		};
/* End XCSwiftPackageProductDependency section */
	};
	rootObject = 22A575EF2CD596DB00D9A43E /* Project object */;
}
